// !$*UTF8*$!
{
	archiveVersion = 1;
	classes = {
	};
	objectVersion = 56;
	objects = {

/* Begin PBXBuildFile section */
		81262EEC2A505864004FB032 /* testsampleApp.swift in Sources */ = {isa = PBXBuildFile; fileRef = 81262EEB2A505864004FB032 /* testsampleApp.swift */; };
		81262EEE2A505864004FB032 /* ContentView.swift in Sources */ = {isa = PBXBuildFile; fileRef = 81262EED2A505864004FB032 /* ContentView.swift */; };
		81262EF02A505864004FB032 /* Assets.xcassets in Resources */ = {isa = PBXBuildFile; fileRef = 81262EEF2A505864004FB032 /* Assets.xcassets */; };
		81262EF32A505864004FB032 /* Preview Assets.xcassets in Resources */ = {isa = PBXBuildFile; fileRef = 81262EF22A505864004FB032 /* Preview Assets.xcassets */; };
		81262EFD2A505865004FB032 /* testsampleTests.swift in Sources */ = {isa = PBXBuildFile; fileRef = 81262EFC2A505865004FB032 /* testsampleTests.swift */; };
		81262F072A505865004FB032 /* testsampleUITests.swift in Sources */ = {isa = PBXBuildFile; fileRef = 81262F062A505865004FB032 /* testsampleUITests.swift */; };
		81262F092A505865004FB032 /* testsampleUITestsLaunchTests.swift in Sources */ = {isa = PBXBuildFile; fileRef = 81262F082A505865004FB032 /* testsampleUITestsLaunchTests.swift */; };
		81262FD32A5467F8004FB032 /* searchView.swift in Sources */ = {isa = PBXBuildFile; fileRef = 81262FD22A5467F8004FB032 /* searchView.swift */; };
/* End PBXBuildFile section */

/* Begin PBXContainerItemProxy section */
		81262EF92A505865004FB032 /* PBXContainerItemProxy */ = {
			isa = PBXContainerItemProxy;
			containerPortal = 81262EE02A505864004FB032 /* Project object */;
			proxyType = 1;
			remoteGlobalIDString = 81262EE72A505864004FB032;
			remoteInfo = testsample;
		};
		81262F032A505865004FB032 /* PBXContainerItemProxy */ = {
			isa = PBXContainerItemProxy;
			containerPortal = 81262EE02A505864004FB032 /* Project object */;
			proxyType = 1;
			remoteGlobalIDString = 81262EE72A505864004FB032;
			remoteInfo = testsample;
		};
/* End PBXContainerItemProxy section */

/* Begin PBXFileReference section */
		81262EE82A505864004FB032 /* testsample.app */ = {isa = PBXFileReference; explicitFileType = wrapper.application; includeInIndex = 0; path = testsample.app; sourceTree = BUILT_PRODUCTS_DIR; };
		81262EEB2A505864004FB032 /* testsampleApp.swift */ = {isa = PBXFileReference; lastKnownFileType = sourcecode.swift; path = testsampleApp.swift; sourceTree = "<group>"; };
		81262EED2A505864004FB032 /* ContentView.swift */ = {isa = PBXFileReference; lastKnownFileType = sourcecode.swift; path = ContentView.swift; sourceTree = "<group>"; };
		81262EEF2A505864004FB032 /* Assets.xcassets */ = {isa = PBXFileReference; lastKnownFileType = folder.assetcatalog; path = Assets.xcassets; sourceTree = "<group>"; };
		81262EF22A505864004FB032 /* Preview Assets.xcassets */ = {isa = PBXFileReference; lastKnownFileType = folder.assetcatalog; path = "Preview Assets.xcassets"; sourceTree = "<group>"; };
		81262EF82A505865004FB032 /* testsampleTests.xctest */ = {isa = PBXFileReference; explicitFileType = wrapper.cfbundle; includeInIndex = 0; path = testsampleTests.xctest; sourceTree = BUILT_PRODUCTS_DIR; };
		81262EFC2A505865004FB032 /* testsampleTests.swift */ = {isa = PBXFileReference; lastKnownFileType = sourcecode.swift; path = testsampleTests.swift; sourceTree = "<group>"; };
		81262F022A505865004FB032 /* testsampleUITests.xctest */ = {isa = PBXFileReference; explicitFileType = wrapper.cfbundle; includeInIndex = 0; path = testsampleUITests.xctest; sourceTree = BUILT_PRODUCTS_DIR; };
		81262F062A505865004FB032 /* testsampleUITests.swift */ = {isa = PBXFileReference; lastKnownFileType = sourcecode.swift; path = testsampleUITests.swift; sourceTree = "<group>"; };
		81262F082A505865004FB032 /* testsampleUITestsLaunchTests.swift */ = {isa = PBXFileReference; lastKnownFileType = sourcecode.swift; path = testsampleUITestsLaunchTests.swift; sourceTree = "<group>"; };
		81262FD22A5467F8004FB032 /* searchView.swift */ = {isa = PBXFileReference; lastKnownFileType = sourcecode.swift; path = searchView.swift; sourceTree = "<group>"; };
/* End PBXFileReference section */

/* Begin PBXFrameworksBuildPhase section */
		81262EE52A505864004FB032 /* Frameworks */ = {
			isa = PBXFrameworksBuildPhase;
			buildActionMask = 2147483647;
			files = (
			);
			runOnlyForDeploymentPostprocessing = 0;
		};
		81262EF52A505865004FB032 /* Frameworks */ = {
			isa = PBXFrameworksBuildPhase;
			buildActionMask = 2147483647;
			files = (
			);
			runOnlyForDeploymentPostprocessing = 0;
		};
		81262EFF2A505865004FB032 /* Frameworks */ = {
			isa = PBXFrameworksBuildPhase;
			buildActionMask = 2147483647;
			files = (
			);
			runOnlyForDeploymentPostprocessing = 0;
		};
/* End PBXFrameworksBuildPhase section */

/* Begin PBXGroup section */
		81262EDF2A505864004FB032 = {
			isa = PBXGroup;
			children = (
				81262EEA2A505864004FB032 /* testsample */,
				81262EFB2A505865004FB032 /* testsampleTests */,
				81262F052A505865004FB032 /* testsampleUITests */,
				81262EE92A505864004FB032 /* Products */,
			);
			sourceTree = "<group>";
		};
		81262EE92A505864004FB032 /* Products */ = {
			isa = PBXGroup;
			children = (
				81262EE82A505864004FB032 /* testsample.app */,
				81262EF82A505865004FB032 /* testsampleTests.xctest */,
				81262F022A505865004FB032 /* testsampleUITests.xctest */,
			);
			name = Products;
			sourceTree = "<group>";
		};
		81262EEA2A505864004FB032 /* testsample */ = {
			isa = PBXGroup;
			children = (
				81262EEB2A505864004FB032 /* testsampleApp.swift */,
				81262EED2A505864004FB032 /* ContentView.swift */,
				81262FD22A5467F8004FB032 /* searchView.swift */,
				81262EEF2A505864004FB032 /* Assets.xcassets */,
				81262EF12A505864004FB032 /* Preview Content */,
			);
			path = testsample;
			sourceTree = "<group>";
		};
		81262EF12A505864004FB032 /* Preview Content */ = {
			isa = PBXGroup;
			children = (
				81262EF22A505864004FB032 /* Preview Assets.xcassets */,
			);
			path = "Preview Content";
			sourceTree = "<group>";
		};
		81262EFB2A505865004FB032 /* testsampleTests */ = {
			isa = PBXGroup;
			children = (
				81262EFC2A505865004FB032 /* testsampleTests.swift */,
			);
			path = testsampleTests;
			sourceTree = "<group>";
		};
		81262F052A505865004FB032 /* testsampleUITests */ = {
			isa = PBXGroup;
			children = (
				81262F062A505865004FB032 /* testsampleUITests.swift */,
				81262F082A505865004FB032 /* testsampleUITestsLaunchTests.swift */,
			);
			path = testsampleUITests;
			sourceTree = "<group>";
		};
/* End PBXGroup section */

/* Begin PBXNativeTarget section */
		81262EE72A505864004FB032 /* testsample */ = {
			isa = PBXNativeTarget;
			buildConfigurationList = 81262F0C2A505865004FB032 /* Build configuration list for PBXNativeTarget "testsample" */;
			buildPhases = (
				81262EE42A505864004FB032 /* Sources */,
				81262EE52A505864004FB032 /* Frameworks */,
				81262EE62A505864004FB032 /* Resources */,
			);
			buildRules = (
			);
			dependencies = (
			);
			name = testsample;
			productName = testsample;
			productReference = 81262EE82A505864004FB032 /* testsample.app */;
			productType = "com.apple.product-type.application";
		};
		81262EF72A505865004FB032 /* testsampleTests */ = {
			isa = PBXNativeTarget;
			buildConfigurationList = 81262F0F2A505865004FB032 /* Build configuration list for PBXNativeTarget "testsampleTests" */;
			buildPhases = (
				81262EF42A505865004FB032 /* Sources */,
				81262EF52A505865004FB032 /* Frameworks */,
				81262EF62A505865004FB032 /* Resources */,
			);
			buildRules = (
			);
			dependencies = (
				81262EFA2A505865004FB032 /* PBXTargetDependency */,
			);
			name = testsampleTests;
			productName = testsampleTests;
			productReference = 81262EF82A505865004FB032 /* testsampleTests.xctest */;
			productType = "com.apple.product-type.bundle.unit-test";
		};
		81262F012A505865004FB032 /* testsampleUITests */ = {
			isa = PBXNativeTarget;
			buildConfigurationList = 81262F122A505865004FB032 /* Build configuration list for PBXNativeTarget "testsampleUITests" */;
			buildPhases = (
				81262EFE2A505865004FB032 /* Sources */,
				81262EFF2A505865004FB032 /* Frameworks */,
				81262F002A505865004FB032 /* Resources */,
			);
			buildRules = (
			);
			dependencies = (
				81262F042A505865004FB032 /* PBXTargetDependency */,
			);
			name = testsampleUITests;
			productName = testsampleUITests;
			productReference = 81262F022A505865004FB032 /* testsampleUITests.xctest */;
			productType = "com.apple.product-type.bundle.ui-testing";
		};
/* End PBXNativeTarget section */

/* Begin PBXProject section */
		81262EE02A505864004FB032 /* Project object */ = {
			isa = PBXProject;
			attributes = {
				BuildIndependentTargetsInParallel = 1;
				LastSwiftUpdateCheck = 1420;
				LastUpgradeCheck = 1420;
				TargetAttributes = {
					81262EE72A505864004FB032 = {
						CreatedOnToolsVersion = 14.2;
					};
					81262EF72A505865004FB032 = {
						CreatedOnToolsVersion = 14.2;
						TestTargetID = 81262EE72A505864004FB032;
					};
					81262F012A505865004FB032 = {
						CreatedOnToolsVersion = 14.2;
						TestTargetID = 81262EE72A505864004FB032;
					};
				};
			};
			buildConfigurationList = 81262EE32A505864004FB032 /* Build configuration list for PBXProject "testsample" */;
			compatibilityVersion = "Xcode 14.0";
			developmentRegion = en;
			hasScannedForEncodings = 0;
			knownRegions = (
				en,
				Base,
			);
			mainGroup = 81262EDF2A505864004FB032;
			productRefGroup = 81262EE92A505864004FB032 /* Products */;
			projectDirPath = "";
			projectRoot = "";
			targets = (
				81262EE72A505864004FB032 /* testsample */,
				81262EF72A505865004FB032 /* testsampleTests */,
				81262F012A505865004FB032 /* testsampleUITests */,
			);
		};
/* End PBXProject section */

/* Begin PBXResourcesBuildPhase section */
		81262EE62A505864004FB032 /* Resources */ = {
			isa = PBXResourcesBuildPhase;
			buildActionMask = 2147483647;
			files = (
				81262EF32A505864004FB032 /* Preview Assets.xcassets in Resources */,
				81262EF02A505864004FB032 /* Assets.xcassets in Resources */,
			);
			runOnlyForDeploymentPostprocessing = 0;
		};
		81262EF62A505865004FB032 /* Resources */ = {
			isa = PBXResourcesBuildPhase;
			buildActionMask = 2147483647;
			files = (
			);
			runOnlyForDeploymentPostprocessing = 0;
		};
		81262F002A505865004FB032 /* Resources */ = {
			isa = PBXResourcesBuildPhase;
			buildActionMask = 2147483647;
			files = (
			);
			runOnlyForDeploymentPostprocessing = 0;
		};
/* End PBXResourcesBuildPhase section */

/* Begin PBXSourcesBuildPhase section */
		81262EE42A505864004FB032 /* Sources */ = {
			isa = PBXSourcesBuildPhase;
			buildActionMask = 2147483647;
			files = (
				81262EEE2A505864004FB032 /* ContentView.swift in Sources */,
				81262EEC2A505864004FB032 /* testsampleApp.swift in Sources */,
				81262FD32A5467F8004FB032 /* searchView.swift in Sources */,
			);
			runOnlyForDeploymentPostprocessing = 0;
		};
		81262EF42A505865004FB032 /* Sources */ = {
			isa = PBXSourcesBuildPhase;
			buildActionMask = 2147483647;
			files = (
				81262EFD2A505865004FB032 /* testsampleTests.swift in Sources */,
			);
			runOnlyForDeploymentPostprocessing = 0;
		};
		81262EFE2A505865004FB032 /* Sources */ = {
			isa = PBXSourcesBuildPhase;
			buildActionMask = 2147483647;
			files = (
				81262F092A505865004FB032 /* testsampleUITestsLaunchTests.swift in Sources */,
				81262F072A505865004FB032 /* testsampleUITests.swift in Sources */,
			);
			runOnlyForDeploymentPostprocessing = 0;
		};
/* End PBXSourcesBuildPhase section */

/* Begin PBXTargetDependency section */
		81262EFA2A505865004FB032 /* PBXTargetDependency */ = {
			isa = PBXTargetDependency;
			target = 81262EE72A505864004FB032 /* testsample */;
			targetProxy = 81262EF92A505865004FB032 /* PBXContainerItemProxy */;
		};
		81262F042A505865004FB032 /* PBXTargetDependency */ = {
			isa = PBXTargetDependency;
			target = 81262EE72A505864004FB032 /* testsample */;
			targetProxy = 81262F032A505865004FB032 /* PBXContainerItemProxy */;
		};
/* End PBXTargetDependency section */

/* Begin XCBuildConfiguration section */
		81262F0A2A505865004FB032 /* Debug */ = {
			isa = XCBuildConfiguration;
			buildSettings = {
				ALWAYS_SEARCH_USER_PATHS = NO;
				CLANG_ANALYZER_NONNULL = YES;
				CLANG_ANALYZER_NUMBER_OBJECT_CONVERSION = YES_AGGRESSIVE;
				CLANG_CXX_LANGUAGE_STANDARD = "gnu++20";
				CLANG_ENABLE_MODULES = YES;
				CLANG_ENABLE_OBJC_ARC = YES;
				CLANG_ENABLE_OBJC_WEAK = YES;
				CLANG_WARN_BLOCK_CAPTURE_AUTORELEASING = YES;
				CLANG_WARN_BOOL_CONVERSION = YES;
				CLANG_WARN_COMMA = YES;
				CLANG_WARN_CONSTANT_CONVERSION = YES;
				CLANG_WARN_DEPRECATED_OBJC_IMPLEMENTATIONS = YES;
				CLANG_WARN_DIRECT_OBJC_ISA_USAGE = YES_ERROR;
				CLANG_WARN_DOCUMENTATION_COMMENTS = YES;
				CLANG_WARN_EMPTY_BODY = YES;
				CLANG_WARN_ENUM_CONVERSION = YES;
				CLANG_WARN_INFINITE_RECURSION = YES;
				CLANG_WARN_INT_CONVERSION = YES;
				CLANG_WARN_NON_LITERAL_NULL_CONVERSION = YES;
				CLANG_WARN_OBJC_IMPLICIT_RETAIN_SELF = YES;
				CLANG_WARN_OBJC_LITERAL_CONVERSION = YES;
				CLANG_WARN_OBJC_ROOT_CLASS = YES_ERROR;
				CLANG_WARN_QUOTED_INCLUDE_IN_FRAMEWORK_HEADER = YES;
				CLANG_WARN_RANGE_LOOP_ANALYSIS = YES;
				CLANG_WARN_STRICT_PROTOTYPES = YES;
				CLANG_WARN_SUSPICIOUS_MOVE = YES;
				CLANG_WARN_UNGUARDED_AVAILABILITY = YES_AGGRESSIVE;
				CLANG_WARN_UNREACHABLE_CODE = YES;
				CLANG_WARN__DUPLICATE_METHOD_MATCH = YES;
				COPY_PHASE_STRIP = NO;
				DEBUG_INFORMATION_FORMAT = dwarf;
				ENABLE_STRICT_OBJC_MSGSEND = YES;
				ENABLE_TESTABILITY = YES;
				GCC_C_LANGUAGE_STANDARD = gnu11;
				GCC_DYNAMIC_NO_PIC = NO;
				GCC_NO_COMMON_BLOCKS = YES;
				GCC_OPTIMIZATION_LEVEL = 0;
				GCC_PREPROCESSOR_DEFINITIONS = (
					"DEBUG=1",
					"$(inherited)",
				);
				GCC_WARN_64_TO_32_BIT_CONVERSION = YES;
				GCC_WARN_ABOUT_RETURN_TYPE = YES_ERROR;
				GCC_WARN_UNDECLARED_SELECTOR = YES;
				GCC_WARN_UNINITIALIZED_AUTOS = YES_AGGRESSIVE;
				GCC_WARN_UNUSED_FUNCTION = YES;
				GCC_WARN_UNUSED_VARIABLE = YES;
				IPHONEOS_DEPLOYMENT_TARGET = 16.2;
				MTL_ENABLE_DEBUG_INFO = INCLUDE_SOURCE;
				MTL_FAST_MATH = YES;
				ONLY_ACTIVE_ARCH = YES;
				SDKROOT = iphoneos;
				SWIFT_ACTIVE_COMPILATION_CONDITIONS = DEBUG;
				SWIFT_OPTIMIZATION_LEVEL = "-Onone";
			};
			name = Debug;
		};
		81262F0B2A505865004FB032 /* Release */ = {
			isa = XCBuildConfiguration;
			buildSettings = {
				ALWAYS_SEARCH_USER_PATHS = NO;
				CLANG_ANALYZER_NONNULL = YES;
				CLANG_ANALYZER_NUMBER_OBJECT_CONVERSION = YES_AGGRESSIVE;
				CLANG_CXX_LANGUAGE_STANDARD = "gnu++20";
				CLANG_ENABLE_MODULES = YES;
				CLANG_ENABLE_OBJC_ARC = YES;
				CLANG_ENABLE_OBJC_WEAK = YES;
				CLANG_WARN_BLOCK_CAPTURE_AUTORELEASING = YES;
				CLANG_WARN_BOOL_CONVERSION = YES;
				CLANG_WARN_COMMA = YES;
				CLANG_WARN_CONSTANT_CONVERSION = YES;
				CLANG_WARN_DEPRECATED_OBJC_IMPLEMENTATIONS = YES;
				CLANG_WARN_DIRECT_OBJC_ISA_USAGE = YES_ERROR;
				CLANG_WARN_DOCUMENTATION_COMMENTS = YES;
				CLANG_WARN_EMPTY_BODY = YES;
				CLANG_WARN_ENUM_CONVERSION = YES;
				CLANG_WARN_INFINITE_RECURSION = YES;
				CLANG_WARN_INT_CONVERSION = YES;
				CLANG_WARN_NON_LITERAL_NULL_CONVERSION = YES;
				CLANG_WARN_OBJC_IMPLICIT_RETAIN_SELF = YES;
				CLANG_WARN_OBJC_LITERAL_CONVERSION = YES;
				CLANG_WARN_OBJC_ROOT_CLASS = YES_ERROR;
				CLANG_WARN_QUOTED_INCLUDE_IN_FRAMEWORK_HEADER = YES;
				CLANG_WARN_RANGE_LOOP_ANALYSIS = YES;
				CLANG_WARN_STRICT_PROTOTYPES = YES;
				CLANG_WARN_SUSPICIOUS_MOVE = YES;
				CLANG_WARN_UNGUARDED_AVAILABILITY = YES_AGGRESSIVE;
				CLANG_WARN_UNREACHABLE_CODE = YES;
				CLANG_WARN__DUPLICATE_METHOD_MATCH = YES;
				COPY_PHASE_STRIP = NO;
				DEBUG_INFORMATION_FORMAT = "dwarf-with-dsym";
				ENABLE_NS_ASSERTIONS = NO;
				ENABLE_STRICT_OBJC_MSGSEND = YES;
				GCC_C_LANGUAGE_STANDARD = gnu11;
				GCC_NO_COMMON_BLOCKS = YES;
				GCC_WARN_64_TO_32_BIT_CONVERSION = YES;
				GCC_WARN_ABOUT_RETURN_TYPE = YES_ERROR;
				GCC_WARN_UNDECLARED_SELECTOR = YES;
				GCC_WARN_UNINITIALIZED_AUTOS = YES_AGGRESSIVE;
				GCC_WARN_UNUSED_FUNCTION = YES;
				GCC_WARN_UNUSED_VARIABLE = YES;
				IPHONEOS_DEPLOYMENT_TARGET = 16.2;
				MTL_ENABLE_DEBUG_INFO = NO;
				MTL_FAST_MATH = YES;
				SDKROOT = iphoneos;
				SWIFT_COMPILATION_MODE = wholemodule;
				SWIFT_OPTIMIZATION_LEVEL = "-O";
				VALIDATE_PRODUCT = YES;
			};
			name = Release;
		};
		81262F0D2A505865004FB032 /* Debug */ = {
			isa = XCBuildConfiguration;
			buildSettings = {
				ASSETCATALOG_COMPILER_APPICON_NAME = AppIcon;
				ASSETCATALOG_COMPILER_GLOBAL_ACCENT_COLOR_NAME = AccentColor;
				CODE_SIGN_STYLE = Automatic;
				CURRENT_PROJECT_VERSION = 1;
				DEVELOPMENT_ASSET_PATHS = "\"testsample/Preview Content\"";
				ENABLE_PREVIEWS = YES;
				GENERATE_INFOPLIST_FILE = YES;
				INFOPLIST_KEY_UIApplicationSceneManifest_Generation = YES;
				INFOPLIST_KEY_UIApplicationSupportsIndirectInputEvents = YES;
				INFOPLIST_KEY_UILaunchScreen_Generation = YES;
				INFOPLIST_KEY_UISupportedInterfaceOrientations_iPad = "UIInterfaceOrientationPortrait UIInterfaceOrientationPortraitUpsideDown UIInterfaceOrientationLandscapeLeft UIInterfaceOrientationLandscapeRight";
				INFOPLIST_KEY_UISupportedInterfaceOrientations_iPhone = "UIInterfaceOrientationPortrait UIInterfaceOrientationLandscapeLeft UIInterfaceOrientationLandscapeRight";
				LD_RUNPATH_SEARCH_PATHS = (
					"$(inherited)",
					"@executable_path/Frameworks",
				);
				MARKETING_VERSION = 1.0;
				PRODUCT_BUNDLE_IDENTIFIER = yasuyama.testsample;
				PRODUCT_NAME = "$(TARGET_NAME)";
				SWIFT_EMIT_LOC_STRINGS = YES;
				SWIFT_VERSION = 5.0;
				TARGETED_DEVICE_FAMILY = "1,2";
			};
			name = Debug;
		};
		81262F0E2A505865004FB032 /* Release */ = {
			isa = XCBuildConfiguration;
			buildSettings = {
				ASSETCATALOG_COMPILER_APPICON_NAME = AppIcon;
				ASSETCATALOG_COMPILER_GLOBAL_ACCENT_COLOR_NAME = AccentColor;
				CODE_SIGN_STYLE = Automatic;
				CURRENT_PROJECT_VERSION = 1;
				DEVELOPMENT_ASSET_PATHS = "\"testsample/Preview Content\"";
				ENABLE_PREVIEWS = YES;
				GENERATE_INFOPLIST_FILE = YES;
				INFOPLIST_KEY_UIApplicationSceneManifest_Generation = YES;
				INFOPLIST_KEY_UIApplicationSupportsIndirectInputEvents = YES;
				INFOPLIST_KEY_UILaunchScreen_Generation = YES;
				INFOPLIST_KEY_UISupportedInterfaceOrientations_iPad = "UIInterfaceOrientationPortrait UIInterfaceOrientationPortraitUpsideDown UIInterfaceOrientationLandscapeLeft UIInterfaceOrientationLandscapeRight";
				INFOPLIST_KEY_UISupportedInterfaceOrientations_iPhone = "UIInterfaceOrientationPortrait UIInterfaceOrientationLandscapeLeft UIInterfaceOrientationLandscapeRight";
				LD_RUNPATH_SEARCH_PATHS = (
					"$(inherited)",
					"@executable_path/Frameworks",
				);
				MARKETING_VERSION = 1.0;
				PRODUCT_BUNDLE_IDENTIFIER = yasuyama.testsample;
				PRODUCT_NAME = "$(TARGET_NAME)";
				SWIFT_EMIT_LOC_STRINGS = YES;
				SWIFT_VERSION = 5.0;
				TARGETED_DEVICE_FAMILY = "1,2";
			};
			name = Release;
		};
		81262F102A505865004FB032 /* Debug */ = {
			isa = XCBuildConfiguration;
			buildSettings = {
				ALWAYS_EMBED_SWIFT_STANDARD_LIBRARIES = YES;
				BUNDLE_LOADER = "$(TEST_HOST)";
				CODE_SIGN_STYLE = Automatic;
				CURRENT_PROJECT_VERSION = 1;
				GENERATE_INFOPLIST_FILE = YES;
				IPHONEOS_DEPLOYMENT_TARGET = 16.2;
				MARKETING_VERSION = 1.0;
				PRODUCT_BUNDLE_IDENTIFIER = yasuyama.testsampleTests;
				PRODUCT_NAME = "$(TARGET_NAME)";
				SWIFT_EMIT_LOC_STRINGS = NO;
				SWIFT_VERSION = 5.0;
				TARGETED_DEVICE_FAMILY = "1,2";
				TEST_HOST = "$(BUILT_PRODUCTS_DIR)/testsample.app/$(BUNDLE_EXECUTABLE_FOLDER_PATH)/testsample";
			};
			name = Debug;
		};
		81262F112A505865004FB032 /* Release */ = {
			isa = XCBuildConfiguration;
			buildSettings = {
				ALWAYS_EMBED_SWIFT_STANDARD_LIBRARIES = YES;
				BUNDLE_LOADER = "$(TEST_HOST)";
				CODE_SIGN_STYLE = Automatic;
				CURRENT_PROJECT_VERSION = 1;
				GENERATE_INFOPLIST_FILE = YES;
				IPHONEOS_DEPLOYMENT_TARGET = 16.2;
				MARKETING_VERSION = 1.0;
				PRODUCT_BUNDLE_IDENTIFIER = yasuyama.testsampleTests;
				PRODUCT_NAME = "$(TARGET_NAME)";
				SWIFT_EMIT_LOC_STRINGS = NO;
				SWIFT_VERSION = 5.0;
				TARGETED_DEVICE_FAMILY = "1,2";
				TEST_HOST = "$(BUILT_PRODUCTS_DIR)/testsample.app/$(BUNDLE_EXECUTABLE_FOLDER_PATH)/testsample";
			};
			name = Release;
		};
		81262F132A505865004FB032 /* Debug */ = {
			isa = XCBuildConfiguration;
			buildSettings = {
				ALWAYS_EMBED_SWIFT_STANDARD_LIBRARIES = YES;
				CODE_SIGN_STYLE = Automatic;
				CURRENT_PROJECT_VERSION = 1;
				GENERATE_INFOPLIST_FILE = YES;
				MARKETING_VERSION = 1.0;
				PRODUCT_BUNDLE_IDENTIFIER = yasuyama.testsampleUITests;
				PRODUCT_NAME = "$(TARGET_NAME)";
				SWIFT_EMIT_LOC_STRINGS = NO;
				SWIFT_VERSION = 5.0;
				TARGETED_DEVICE_FAMILY = "1,2";
				TEST_TARGET_NAME = testsample;
			};
			name = Debug;
		};
		81262F142A505865004FB032 /* Release */ = {
			isa = XCBuildConfiguration;
			buildSettings = {
				ALWAYS_EMBED_SWIFT_STANDARD_LIBRARIES = YES;
				CODE_SIGN_STYLE = Automatic;
				CURRENT_PROJECT_VERSION = 1;
				GENERATE_INFOPLIST_FILE = YES;
				MARKETING_VERSION = 1.0;
				PRODUCT_BUNDLE_IDENTIFIER = yasuyama.testsampleUITests;
				PRODUCT_NAME = "$(TARGET_NAME)";
				SWIFT_EMIT_LOC_STRINGS = NO;
				SWIFT_VERSION = 5.0;
				TARGETED_DEVICE_FAMILY = "1,2";
				TEST_TARGET_NAME = testsample;
			};
			name = Release;
		};
/* End XCBuildConfiguration section */

/* Begin XCConfigurationList section */
		81262EE32A505864004FB032 /* Build configuration list for PBXProject "testsample" */ = {
			isa = XCConfigurationList;
			buildConfigurations = (
				81262F0A2A505865004FB032 /* Debug */,
				81262F0B2A505865004FB032 /* Release */,
			);
			defaultConfigurationIsVisible = 0;
			defaultConfigurationName = Release;
		};
		81262F0C2A505865004FB032 /* Build configuration list for PBXNativeTarget "testsample" */ = {
			isa = XCConfigurationList;
			buildConfigurations = (
				81262F0D2A505865004FB032 /* Debug */,
				81262F0E2A505865004FB032 /* Release */,
			);
			defaultConfigurationIsVisible = 0;
			defaultConfigurationName = Release;
		};
		81262F0F2A505865004FB032 /* Build configuration list for PBXNativeTarget "testsampleTests" */ = {
			isa = XCConfigurationList;
			buildConfigurations = (
				81262F102A505865004FB032 /* Debug */,
				81262F112A505865004FB032 /* Release */,
			);
			defaultConfigurationIsVisible = 0;
			defaultConfigurationName = Release;
		};
		81262F122A505865004FB032 /* Build configuration list for PBXNativeTarget "testsampleUITests" */ = {
			isa = XCConfigurationList;
			buildConfigurations = (
				81262F132A505865004FB032 /* Debug */,
				81262F142A505865004FB032 /* Release */,
			);
			defaultConfigurationIsVisible = 0;
			defaultConfigurationName = Release;
		};
/* End XCConfigurationList section */
	};
	rootObject = 81262EE02A505864004FB032 /* Project object */;
}
